// !$*UTF8*$!
{
	archiveVersion = 1;
	classes = {
	};
	objectVersion = 48;
	objects = {

/* Begin PBXBuildFile section */
		363A9CCB21FC95330039703D /* AppDelegate.swift in Sources */ = {isa = PBXBuildFile; fileRef = 363A9CCA21FC95330039703D /* AppDelegate.swift */; };
		363A9CCD21FC95330039703D /* ViewController.swift in Sources */ = {isa = PBXBuildFile; fileRef = 363A9CCC21FC95330039703D /* ViewController.swift */; };
		363A9CCF21FC95330039703D /* Assets.xcassets in Resources */ = {isa = PBXBuildFile; fileRef = 363A9CCE21FC95330039703D /* Assets.xcassets */; };
		363A9CD221FC95330039703D /* Main.storyboard in Resources */ = {isa = PBXBuildFile; fileRef = 363A9CD021FC95330039703D /* Main.storyboard */; };
		363A9CDF21FC95BA0039703D /* money.c in Sources */ = {isa = PBXBuildFile; fileRef = 363A9CDC21FC95B90039703D /* money.c */; };
		363A9CE021FC95BA0039703D /* MoneyMaker.m in Sources */ = {isa = PBXBuildFile; fileRef = 363A9CDD21FC95BA0039703D /* MoneyMaker.m */; };
		363A9CE221FC99C30039703D /* NewCheck.tiff in Resources */ = {isa = PBXBuildFile; fileRef = 363A9CE121FC99C30039703D /* NewCheck.tiff */; };
		363A9CE421FCA8AF0039703D /* NewCheck.icns in Resources */ = {isa = PBXBuildFile; fileRef = 363A9CE321FCA8AF0039703D /* NewCheck.icns */; };
		36404E2621FD043000DB38AA /* Check.swift in Sources */ = {isa = PBXBuildFile; fileRef = 36404E2521FD043000DB38AA /* Check.swift */; };
		36404E2821FD0C3200DB38AA /* Register.swift in Sources */ = {isa = PBXBuildFile; fileRef = 36404E2721FD0C3200DB38AA /* Register.swift */; };
/* End PBXBuildFile section */

/* Begin PBXFileReference section */
		363A9CC721FC95330039703D /* CheckWriter.app */ = {isa = PBXFileReference; explicitFileType = wrapper.application; includeInIndex = 0; path = CheckWriter.app; sourceTree = BUILT_PRODUCTS_DIR; };
		363A9CCA21FC95330039703D /* AppDelegate.swift */ = {isa = PBXFileReference; lastKnownFileType = sourcecode.swift; path = AppDelegate.swift; sourceTree = "<group>"; };
		363A9CCC21FC95330039703D /* ViewController.swift */ = {isa = PBXFileReference; lastKnownFileType = sourcecode.swift; path = ViewController.swift; sourceTree = "<group>"; };
		363A9CCE21FC95330039703D /* Assets.xcassets */ = {isa = PBXFileReference; lastKnownFileType = folder.assetcatalog; path = Assets.xcassets; sourceTree = "<group>"; };
		363A9CD121FC95330039703D /* Base */ = {isa = PBXFileReference; lastKnownFileType = file.storyboard; name = Base; path = Base.lproj/Main.storyboard; sourceTree = "<group>"; };
		363A9CD321FC95330039703D /* Info.plist */ = {isa = PBXFileReference; lastKnownFileType = text.plist.xml; path = Info.plist; sourceTree = "<group>"; };
		363A9CD421FC95330039703D /* CheckWriter.entitlements */ = {isa = PBXFileReference; lastKnownFileType = text.plist.entitlements; path = CheckWriter.entitlements; sourceTree = "<group>"; };
		363A9CDA21FC95B80039703D /* CheckWriter-Bridging-Header.h */ = {isa = PBXFileReference; lastKnownFileType = sourcecode.c.h; path = "CheckWriter-Bridging-Header.h"; sourceTree = "<group>"; };
		363A9CDB21FC95B90039703D /* MoneyMaker.h */ = {isa = PBXFileReference; fileEncoding = 4; lastKnownFileType = sourcecode.c.h; path = MoneyMaker.h; sourceTree = "<group>"; };
		363A9CDC21FC95B90039703D /* money.c */ = {isa = PBXFileReference; fileEncoding = 4; lastKnownFileType = sourcecode.c.c; path = money.c; sourceTree = "<group>"; };
		363A9CDD21FC95BA0039703D /* MoneyMaker.m */ = {isa = PBXFileReference; fileEncoding = 4; lastKnownFileType = sourcecode.c.objc; path = MoneyMaker.m; sourceTree = "<group>"; };
		363A9CDE21FC95BA0039703D /* money.h */ = {isa = PBXFileReference; fileEncoding = 4; lastKnownFileType = sourcecode.c.h; path = money.h; sourceTree = "<group>"; };
		363A9CE121FC99C30039703D /* NewCheck.tiff */ = {isa = PBXFileReference; lastKnownFileType = image.tiff; path = NewCheck.tiff; sourceTree = "<group>"; };
		363A9CE321FCA8AF0039703D /* NewCheck.icns */ = {isa = PBXFileReference; lastKnownFileType = image.icns; path = NewCheck.icns; sourceTree = "<group>"; };
		36404E2521FD043000DB38AA /* Check.swift */ = {isa = PBXFileReference; lastKnownFileType = sourcecode.swift; path = Check.swift; sourceTree = "<group>"; };
		36404E2721FD0C3200DB38AA /* Register.swift */ = {isa = PBXFileReference; lastKnownFileType = sourcecode.swift; path = Register.swift; sourceTree = "<group>"; };
/* End PBXFileReference section */

/* Begin PBXFrameworksBuildPhase section */
		363A9CC421FC95330039703D /* Frameworks */ = {
			isa = PBXFrameworksBuildPhase;
			buildActionMask = 2147483647;
			files = (
			);
			runOnlyForDeploymentPostprocessing = 0;
		};
/* End PBXFrameworksBuildPhase section */

/* Begin PBXGroup section */
		363A9CBE21FC95330039703D = {
			isa = PBXGroup;
			children = (
				363A9CC921FC95330039703D /* CheckWriter */,
				363A9CC821FC95330039703D /* Products */,
			);
			sourceTree = "<group>";
		};
		363A9CC821FC95330039703D /* Products */ = {
			isa = PBXGroup;
			children = (
				363A9CC721FC95330039703D /* CheckWriter.app */,
			);
			name = Products;
			sourceTree = "<group>";
		};
		363A9CC921FC95330039703D /* CheckWriter */ = {
			isa = PBXGroup;
			children = (
				363A9CCA21FC95330039703D /* AppDelegate.swift */,
				36404E2521FD043000DB38AA /* Check.swift */,
				36404E2721FD0C3200DB38AA /* Register.swift */,
				363A9CCC21FC95330039703D /* ViewController.swift */,
				363A9CCE21FC95330039703D /* Assets.xcassets */,
				363A9CE321FCA8AF0039703D /* NewCheck.icns */,
				363A9CD021FC95330039703D /* Main.storyboard */,
				363A9CE121FC99C30039703D /* NewCheck.tiff */,
				363A9CDC21FC95B90039703D /* money.c */,
				363A9CDE21FC95BA0039703D /* money.h */,
				363A9CDB21FC95B90039703D /* MoneyMaker.h */,
				363A9CDD21FC95BA0039703D /* MoneyMaker.m */,
				363A9CD321FC95330039703D /* Info.plist */,
				363A9CD421FC95330039703D /* CheckWriter.entitlements */,
				363A9CDA21FC95B80039703D /* CheckWriter-Bridging-Header.h */,
			);
			path = CheckWriter;
			sourceTree = "<group>";
		};
/* End PBXGroup section */

/* Begin PBXNativeTarget section */
		363A9CC621FC95330039703D /* CheckWriter */ = {
			isa = PBXNativeTarget;
			buildConfigurationList = 363A9CD721FC95330039703D /* Build configuration list for PBXNativeTarget "CheckWriter" */;
			buildPhases = (
				363A9CC321FC95330039703D /* Sources */,
				363A9CC421FC95330039703D /* Frameworks */,
				363A9CC521FC95330039703D /* Resources */,
			);
			buildRules = (
			);
			dependencies = (
			);
			name = CheckWriter;
			productName = CheckWriter;
			productReference = 363A9CC721FC95330039703D /* CheckWriter.app */;
			productType = "com.apple.product-type.application";
		};
/* End PBXNativeTarget section */

/* Begin PBXProject section */
		363A9CBF21FC95330039703D /* Project object */ = {
			isa = PBXProject;
			attributes = {
				LastSwiftUpdateCheck = 0920;
				LastUpgradeCheck = 0920;
				ORGANIZATIONNAME = "Andrew Lippman";
				TargetAttributes = {
					363A9CC621FC95330039703D = {
						CreatedOnToolsVersion = 9.2;
						LastSwiftMigration = 0920;
						ProvisioningStyle = Automatic;
					};
				};
			};
			buildConfigurationList = 363A9CC221FC95330039703D /* Build configuration list for PBXProject "CheckWriter" */;
			compatibilityVersion = "Xcode 8.0";
			developmentRegion = en;
			hasScannedForEncodings = 0;
			knownRegions = (
				en,
				Base,
			);
			mainGroup = 363A9CBE21FC95330039703D;
			productRefGroup = 363A9CC821FC95330039703D /* Products */;
			projectDirPath = "";
			projectRoot = "";
			targets = (
				363A9CC621FC95330039703D /* CheckWriter */,
			);
		};
/* End PBXProject section */

/* Begin PBXResourcesBuildPhase section */
		363A9CC521FC95330039703D /* Resources */ = {
			isa = PBXResourcesBuildPhase;
			buildActionMask = 2147483647;
			files = (
				363A9CE421FCA8AF0039703D /* NewCheck.icns in Resources */,
				363A9CCF21FC95330039703D /* Assets.xcassets in Resources */,
				363A9CD221FC95330039703D /* Main.storyboard in Resources */,
				363A9CE221FC99C30039703D /* NewCheck.tiff in Resources */,
			);
			runOnlyForDeploymentPostprocessing = 0;
		};
/* End PBXResourcesBuildPhase section */

/* Begin PBXSourcesBuildPhase section */
		363A9CC321FC95330039703D /* Sources */ = {
			isa = PBXSourcesBuildPhase;
			buildActionMask = 2147483647;
			files = (
				36404E2821FD0C3200DB38AA /* Register.swift in Sources */,
				363A9CDF21FC95BA0039703D /* money.c in Sources */,
				363A9CCD21FC95330039703D /* ViewController.swift in Sources */,
				36404E2621FD043000DB38AA /* Check.swift in Sources */,
				363A9CCB21FC95330039703D /* AppDelegate.swift in Sources */,
				363A9CE021FC95BA0039703D /* MoneyMaker.m in Sources */,
			);
			runOnlyForDeploymentPostprocessing = 0;
		};
/* End PBXSourcesBuildPhase section */

/* Begin PBXVariantGroup section */
		363A9CD021FC95330039703D /* Main.storyboard */ = {
			isa = PBXVariantGroup;
			children = (
				363A9CD121FC95330039703D /* Base */,
			);
			name = Main.storyboard;
			sourceTree = "<group>";
		};
/* End PBXVariantGroup section */

/* Begin XCBuildConfiguration section */
		363A9CD521FC95330039703D /* Debug */ = {
			isa = XCBuildConfiguration;
			buildSettings = {
				ALWAYS_SEARCH_USER_PATHS = NO;
				CLANG_ANALYZER_NONNULL = YES;
				CLANG_ANALYZER_NUMBER_OBJECT_CONVERSION = YES_AGGRESSIVE;
				CLANG_CXX_LANGUAGE_STANDARD = "gnu++14";
				CLANG_CXX_LIBRARY = "libc++";
				CLANG_ENABLE_MODULES = YES;
				CLANG_ENABLE_OBJC_ARC = YES;
				CLANG_WARN_BLOCK_CAPTURE_AUTORELEASING = YES;
				CLANG_WARN_BOOL_CONVERSION = YES;
				CLANG_WARN_COMMA = YES;
				CLANG_WARN_CONSTANT_CONVERSION = YES;
				CLANG_WARN_DIRECT_OBJC_ISA_USAGE = YES_ERROR;
				CLANG_WARN_DOCUMENTATION_COMMENTS = YES;
				CLANG_WARN_EMPTY_BODY = YES;
				CLANG_WARN_ENUM_CONVERSION = YES;
				CLANG_WARN_INFINITE_RECURSION = YES;
				CLANG_WARN_INT_CONVERSION = YES;
				CLANG_WARN_NON_LITERAL_NULL_CONVERSION = YES;
				CLANG_WARN_OBJC_LITERAL_CONVERSION = YES;
				CLANG_WARN_OBJC_ROOT_CLASS = YES_ERROR;
				CLANG_WARN_RANGE_LOOP_ANALYSIS = YES;
				CLANG_WARN_STRICT_PROTOTYPES = YES;
				CLANG_WARN_SUSPICIOUS_MOVE = YES;
				CLANG_WARN_UNGUARDED_AVAILABILITY = YES_AGGRESSIVE;
				CLANG_WARN_UNREACHABLE_CODE = YES;
				CLANG_WARN__DUPLICATE_METHOD_MATCH = YES;
				CODE_SIGN_IDENTITY = "-";
				COPY_PHASE_STRIP = NO;
				DEBUG_INFORMATION_FORMAT = dwarf;
				ENABLE_STRICT_OBJC_MSGSEND = YES;
				ENABLE_TESTABILITY = YES;
				GCC_C_LANGUAGE_STANDARD = gnu11;
				GCC_DYNAMIC_NO_PIC = NO;
				GCC_NO_COMMON_BLOCKS = YES;
				GCC_OPTIMIZATION_LEVEL = 0;
				GCC_PREPROCESSOR_DEFINITIONS = (
					"DEBUG=1",
					"$(inherited)",
				);
				GCC_WARN_64_TO_32_BIT_CONVERSION = YES;
				GCC_WARN_ABOUT_RETURN_TYPE = YES_ERROR;
				GCC_WARN_UNDECLARED_SELECTOR = YES;
				GCC_WARN_UNINITIALIZED_AUTOS = YES_AGGRESSIVE;
				GCC_WARN_UNUSED_FUNCTION = YES;
				GCC_WARN_UNUSED_VARIABLE = YES;
				MACOSX_DEPLOYMENT_TARGET = 10.12;
				MTL_ENABLE_DEBUG_INFO = YES;
				ONLY_ACTIVE_ARCH = YES;
				SDKROOT = macosx;
				SWIFT_ACTIVE_COMPILATION_CONDITIONS = DEBUG;
				SWIFT_OPTIMIZATION_LEVEL = "-Onone";
			};
			name = Debug;
		};
		363A9CD621FC95330039703D /* Release */ = {
			isa = XCBuildConfiguration;
			buildSettings = {
				ALWAYS_SEARCH_USER_PATHS = NO;
				CLANG_ANALYZER_NONNULL = YES;
				CLANG_ANALYZER_NUMBER_OBJECT_CONVERSION = YES_AGGRESSIVE;
				CLANG_CXX_LANGUAGE_STANDARD = "gnu++14";
				CLANG_CXX_LIBRARY = "libc++";
				CLANG_ENABLE_MODULES = YES;
				CLANG_ENABLE_OBJC_ARC = YES;
				CLANG_WARN_BLOCK_CAPTURE_AUTORELEASING = YES;
				CLANG_WARN_BOOL_CONVERSION = YES;
				CLANG_WARN_COMMA = YES;
				CLANG_WARN_CONSTANT_CONVERSION = YES;
				CLANG_WARN_DIRECT_OBJC_ISA_USAGE = YES_ERROR;
				CLANG_WARN_DOCUMENTATION_COMMENTS = YES;
				CLANG_WARN_EMPTY_BODY = YES;
				CLANG_WARN_ENUM_CONVERSION = YES;
				CLANG_WARN_INFINITE_RECURSION = YES;
				CLANG_WARN_INT_CONVERSION = YES;
				CLANG_WARN_NON_LITERAL_NULL_CONVERSION = YES;
				CLANG_WARN_OBJC_LITERAL_CONVERSION = YES;
				CLANG_WARN_OBJC_ROOT_CLASS = YES_ERROR;
				CLANG_WARN_RANGE_LOOP_ANALYSIS = YES;
				CLANG_WARN_STRICT_PROTOTYPES = YES;
				CLANG_WARN_SUSPICIOUS_MOVE = YES;
				CLANG_WARN_UNGUARDED_AVAILABILITY = YES_AGGRESSIVE;
				CLANG_WARN_UNREACHABLE_CODE = YES;
				CLANG_WARN__DUPLICATE_METHOD_MATCH = YES;
				CODE_SIGN_IDENTITY = "-";
				COPY_PHASE_STRIP = NO;
				DEBUG_INFORMATION_FORMAT = "dwarf-with-dsym";
				ENABLE_NS_ASSERTIONS = NO;
				ENABLE_STRICT_OBJC_MSGSEND = YES;
				GCC_C_LANGUAGE_STANDARD = gnu11;
				GCC_NO_COMMON_BLOCKS = YES;
				GCC_WARN_64_TO_32_BIT_CONVERSION = YES;
				GCC_WARN_ABOUT_RETURN_TYPE = YES_ERROR;
				GCC_WARN_UNDECLARED_SELECTOR = YES;
				GCC_WARN_UNINITIALIZED_AUTOS = YES_AGGRESSIVE;
				GCC_WARN_UNUSED_FUNCTION = YES;
				GCC_WARN_UNUSED_VARIABLE = YES;
				MACOSX_DEPLOYMENT_TARGET = 10.12;
				MTL_ENABLE_DEBUG_INFO = NO;
				SDKROOT = macosx;
				SWIFT_OPTIMIZATION_LEVEL = "-Owholemodule";
			};
			name = Release;
		};
		363A9CD821FC95330039703D /* Debug */ = {
			isa = XCBuildConfiguration;
			buildSettings = {
				ASSETCATALOG_COMPILER_APPICON_NAME = AppIcon;
				CLANG_ENABLE_MODULES = YES;
				CODE_SIGN_ENTITLEMENTS = CheckWriter/CheckWriter.entitlements;
				CODE_SIGN_STYLE = Automatic;
				COMBINE_HIDPI_IMAGES = YES;
				INFOPLIST_FILE = CheckWriter/Info.plist;
				LD_RUNPATH_SEARCH_PATHS = "$(inherited) @executable_path/../Frameworks";
				PRODUCT_BUNDLE_IDENTIFIER = Lippman.CheckWriter;
				PRODUCT_NAME = "$(TARGET_NAME)";
				SWIFT_OBJC_BRIDGING_HEADER = "CheckWriter/CheckWriter-Bridging-Header.h";
				SWIFT_OPTIMIZATION_LEVEL = "-Onone";
				SWIFT_VERSION = 4.0;
			};
			name = Debug;
		};
		363A9CD921FC95330039703D /* Release */ = {
			isa = XCBuildConfiguration;
			buildSettings = {
				ASSETCATALOG_COMPILER_APPICON_NAME = AppIcon;
				CLANG_ENABLE_MODULES = YES;
				CODE_SIGN_ENTITLEMENTS = CheckWriter/CheckWriter.entitlements;
				CODE_SIGN_STYLE = Automatic;
				COMBINE_HIDPI_IMAGES = YES;
				INFOPLIST_FILE = CheckWriter/Info.plist;
				LD_RUNPATH_SEARCH_PATHS = "$(inherited) @executable_path/../Frameworks";
				PRODUCT_BUNDLE_IDENTIFIER = Lippman.CheckWriter;
				PRODUCT_NAME = "$(TARGET_NAME)";
				SWIFT_OBJC_BRIDGING_HEADER = "CheckWriter/CheckWriter-Bridging-Header.h";
				SWIFT_VERSION = 4.0;
			};
			name = Release;
		};
/* End XCBuildConfiguration section */

/* Begin XCConfigurationList section */
		363A9CC221FC95330039703D /* Build configuration list for PBXProject "CheckWriter" */ = {
			isa = XCConfigurationList;
			buildConfigurations = (
				363A9CD521FC95330039703D /* Debug */,
				363A9CD621FC95330039703D /* Release */,
			);
			defaultConfigurationIsVisible = 0;
			defaultConfigurationName = Release;
		};
		363A9CD721FC95330039703D /* Build configuration list for PBXNativeTarget "CheckWriter" */ = {
			isa = XCConfigurationList;
			buildConfigurations = (
				363A9CD821FC95330039703D /* Debug */,
				363A9CD921FC95330039703D /* Release */,
			);
			defaultConfigurationIsVisible = 0;
			defaultConfigurationName = Release;
		};
/* End XCConfigurationList section */
	};
	rootObject = 363A9CBF21FC95330039703D /* Project object */;
}
